// !$*UTF8*$!
{
	archiveVersion = 1;
	classes = {
	};
	objectVersion = 46;
	objects = {

/* Begin PBXBuildFile section */
		7437D7B122411C79003B5BAD /* main.m in Sources */ = {isa = PBXBuildFile; fileRef = 7437D7B022411C79003B5BAD /* main.m */; };
		7437D7B422411C79003B5BAD /* AppDelegate.m in Sources */ = {isa = PBXBuildFile; fileRef = 7437D7B322411C79003B5BAD /* AppDelegate.m */; };
		7437D7B722411C79003B5BAD /* ViewController.m in Sources */ = {isa = PBXBuildFile; fileRef = 7437D7B622411C79003B5BAD /* ViewController.m */; };
		7437D7BA22411C79003B5BAD /* Main.storyboard in Resources */ = {isa = PBXBuildFile; fileRef = 7437D7B822411C79003B5BAD /* Main.storyboard */; };
		7437D7BC22411C79003B5BAD /* Assets.xcassets in Resources */ = {isa = PBXBuildFile; fileRef = 7437D7BB22411C79003B5BAD /* Assets.xcassets */; };
		7437D7BF22411C79003B5BAD /* LaunchScreen.storyboard in Resources */ = {isa = PBXBuildFile; fileRef = 7437D7BD22411C79003B5BAD /* LaunchScreen.storyboard */; };
		7437D7C822411C9D003B5BAD /* BaseViewController.m in Sources */ = {isa = PBXBuildFile; fileRef = 7437D7C722411C9D003B5BAD /* BaseViewController.m */; };
		7437D7CB22411CBC003B5BAD /* NSTableViewViewController.m in Sources */ = {isa = PBXBuildFile; fileRef = 7437D7CA22411CBC003B5BAD /* NSTableViewViewController.m */; };
/* End PBXBuildFile section */

/* Begin PBXFileReference section */
		7437D7AC22411C79003B5BAD /* CESHI123.app */ = {isa = PBXFileReference; explicitFileType = wrapper.application; includeInIndex = 0; path = CESHI123.app; sourceTree = BUILT_PRODUCTS_DIR; };
		7437D7B022411C79003B5BAD /* main.m */ = {isa = PBXFileReference; lastKnownFileType = sourcecode.c.objc; path = main.m; sourceTree = "<group>"; };
		7437D7B222411C79003B5BAD /* AppDelegate.h */ = {isa = PBXFileReference; lastKnownFileType = sourcecode.c.h; path = AppDelegate.h; sourceTree = "<group>"; };
		7437D7B322411C79003B5BAD /* AppDelegate.m */ = {isa = PBXFileReference; lastKnownFileType = sourcecode.c.objc; path = AppDelegate.m; sourceTree = "<group>"; };
		7437D7B522411C79003B5BAD /* ViewController.h */ = {isa = PBXFileReference; lastKnownFileType = sourcecode.c.h; path = ViewController.h; sourceTree = "<group>"; };
		7437D7B622411C79003B5BAD /* ViewController.m */ = {isa = PBXFileReference; lastKnownFileType = sourcecode.c.objc; path = ViewController.m; sourceTree = "<group>"; };
		7437D7B922411C79003B5BAD /* Base */ = {isa = PBXFileReference; lastKnownFileType = file.storyboard; name = Base; path = Base.lproj/Main.storyboard; sourceTree = "<group>"; };
		7437D7BB22411C79003B5BAD /* Assets.xcassets */ = {isa = PBXFileReference; lastKnownFileType = folder.assetcatalog; path = Assets.xcassets; sourceTree = "<group>"; };
		7437D7BE22411C79003B5BAD /* Base */ = {isa = PBXFileReference; lastKnownFileType = file.storyboard; name = Base; path = Base.lproj/LaunchScreen.storyboard; sourceTree = "<group>"; };
		7437D7C022411C79003B5BAD /* Info.plist */ = {isa = PBXFileReference; lastKnownFileType = text.plist.xml; path = Info.plist; sourceTree = "<group>"; };
		7437D7C622411C9D003B5BAD /* BaseViewController.h */ = {isa = PBXFileReference; fileEncoding = 4; lastKnownFileType = sourcecode.c.h; path = BaseViewController.h; sourceTree = "<group>"; };
		7437D7C722411C9D003B5BAD /* BaseViewController.m */ = {isa = PBXFileReference; fileEncoding = 4; lastKnownFileType = sourcecode.c.objc; path = BaseViewController.m; sourceTree = "<group>"; };
		7437D7C922411CBC003B5BAD /* NSTableViewViewController.h */ = {isa = PBXFileReference; fileEncoding = 4; lastKnownFileType = sourcecode.c.h; path = NSTableViewViewController.h; sourceTree = "<group>"; };
		7437D7CA22411CBC003B5BAD /* NSTableViewViewController.m */ = {isa = PBXFileReference; fileEncoding = 4; lastKnownFileType = sourcecode.c.objc; path = NSTableViewViewController.m; sourceTree = "<group>"; };
/* End PBXFileReference section */

/* Begin PBXFrameworksBuildPhase section */
		7437D7A922411C79003B5BAD /* Frameworks */ = {
			isa = PBXFrameworksBuildPhase;
			buildActionMask = 2147483647;
			files = (
			);
			runOnlyForDeploymentPostprocessing = 0;
		};
/* End PBXFrameworksBuildPhase section */

/* Begin PBXGroup section */
		7437D7A322411C79003B5BAD = {
			isa = PBXGroup;
			children = (
				7437D7AE22411C79003B5BAD /* CESHI123 */,
				7437D7AD22411C79003B5BAD /* Products */,
			);
			sourceTree = "<group>";
		};
		7437D7AD22411C79003B5BAD /* Products */ = {
			isa = PBXGroup;
			children = (
				7437D7AC22411C79003B5BAD /* CESHI123.app */,
			);
			name = Products;
			sourceTree = "<group>";
		};
		7437D7AE22411C79003B5BAD /* CESHI123 */ = {
			isa = PBXGroup;
			children = (
				7437D7B222411C79003B5BAD /* AppDelegate.h */,
				7437D7B322411C79003B5BAD /* AppDelegate.m */,
				7437D7B522411C79003B5BAD /* ViewController.h */,
				7437D7B622411C79003B5BAD /* ViewController.m */,
				7437D7C622411C9D003B5BAD /* BaseViewController.h */,
				7437D7C722411C9D003B5BAD /* BaseViewController.m */,
				7437D7C922411CBC003B5BAD /* NSTableViewViewController.h */,
				7437D7CA22411CBC003B5BAD /* NSTableViewViewController.m */,
				7437D7B822411C79003B5BAD /* Main.storyboard */,
				7437D7BB22411C79003B5BAD /* Assets.xcassets */,
				7437D7BD22411C79003B5BAD /* LaunchScreen.storyboard */,
				7437D7C022411C79003B5BAD /* Info.plist */,
				7437D7AF22411C79003B5BAD /* Supporting Files */,
			);
			path = CESHI123;
			sourceTree = "<group>";
		};
		7437D7AF22411C79003B5BAD /* Supporting Files */ = {
			isa = PBXGroup;
			children = (
				7437D7B022411C79003B5BAD /* main.m */,
			);
			name = "Supporting Files";
			sourceTree = "<group>";
		};
/* End PBXGroup section */

/* Begin PBXNativeTarget section */
		7437D7AB22411C79003B5BAD /* CESHI123 */ = {
			isa = PBXNativeTarget;
			buildConfigurationList = 7437D7C322411C79003B5BAD /* Build configuration list for PBXNativeTarget "CESHI123" */;
			buildPhases = (
				7437D7A822411C79003B5BAD /* Sources */,
				7437D7A922411C79003B5BAD /* Frameworks */,
				7437D7AA22411C79003B5BAD /* Resources */,
			);
			buildRules = (
			);
			dependencies = (
			);
			name = CESHI123;
			productName = CESHI123;
			productReference = 7437D7AC22411C79003B5BAD /* CESHI123.app */;
			productType = "com.apple.product-type.application";
		};
/* End PBXNativeTarget section */

/* Begin PBXProject section */
		7437D7A422411C79003B5BAD /* Project object */ = {
			isa = PBXProject;
			attributes = {
				LastUpgradeCheck = 0830;
				ORGANIZATIONNAME = jztw;
				TargetAttributes = {
					7437D7AB22411C79003B5BAD = {
						CreatedOnToolsVersion = 8.3.3;
						ProvisioningStyle = Automatic;
					};
				};
			};
			buildConfigurationList = 7437D7A722411C79003B5BAD /* Build configuration list for PBXProject "CESHI123" */;
			compatibilityVersion = "Xcode 3.2";
			developmentRegion = English;
			hasScannedForEncodings = 0;
			knownRegions = (
				en,
				Base,
			);
			mainGroup = 7437D7A322411C79003B5BAD;
			productRefGroup = 7437D7AD22411C79003B5BAD /* Products */;
			projectDirPath = "";
			projectRoot = "";
			targets = (
				7437D7AB22411C79003B5BAD /* CESHI123 */,
			);
		};
/* End PBXProject section */

/* Begin PBXResourcesBuildPhase section */
		7437D7AA22411C79003B5BAD /* Resources */ = {
			isa = PBXResourcesBuildPhase;
			buildActionMask = 2147483647;
			files = (
				7437D7BF22411C79003B5BAD /* LaunchScreen.storyboard in Resources */,
				7437D7BC22411C79003B5BAD /* Assets.xcassets in Resources */,
				7437D7BA22411C79003B5BAD /* Main.storyboard in Resources */,
			);
			runOnlyForDeploymentPostprocessing = 0;
		};
/* End PBXResourcesBuildPhase section */

/* Begin PBXSourcesBuildPhase section */
		7437D7A822411C79003B5BAD /* Sources */ = {
			isa = PBXSourcesBuildPhase;
			buildActionMask = 2147483647;
			files = (
				7437D7B722411C79003B5BAD /* ViewController.m in Sources */,
				7437D7CB22411CBC003B5BAD /* NSTableViewViewController.m in Sources */,
				7437D7C822411C9D003B5BAD /* BaseViewController.m in Sources */,
				7437D7B422411C79003B5BAD /* AppDelegate.m in Sources */,
				7437D7B122411C79003B5BAD /* main.m in Sources */,
			);
			runOnlyForDeploymentPostprocessing = 0;
		};
/* End PBXSourcesBuildPhase section */

/* Begin PBXVariantGroup section */
		7437D7B822411C79003B5BAD /* Main.storyboard */ = {
			isa = PBXVariantGroup;
			children = (
				7437D7B922411C79003B5BAD /* Base */,
			);
			name = Main.storyboard;
			sourceTree = "<group>";
		};
		7437D7BD22411C79003B5BAD /* LaunchScreen.storyboard */ = {
			isa = PBXVariantGroup;
			children = (
				7437D7BE22411C79003B5BAD /* Base */,
			);
			name = LaunchScreen.storyboard;
			sourceTree = "<group>";
		};
/* End PBXVariantGroup section */

/* Begin XCBuildConfiguration section */
		7437D7C122411C79003B5BAD /* Debug */ = {
			isa = XCBuildConfiguration;
			buildSettings = {
				ALWAYS_SEARCH_USER_PATHS = NO;
				CLANG_ANALYZER_NONNULL = YES;
				CLANG_ANALYZER_NUMBER_OBJECT_CONVERSION = YES_AGGRESSIVE;
				CLANG_CXX_LANGUAGE_STANDARD = "gnu++0x";
				CLANG_CXX_LIBRARY = "libc++";
				CLANG_ENABLE_MODULES = YES;
				CLANG_ENABLE_OBJC_ARC = YES;
				CLANG_WARN_BOOL_CONVERSION = YES;
				CLANG_WARN_CONSTANT_CONVERSION = YES;
				CLANG_WARN_DIRECT_OBJC_ISA_USAGE = YES_ERROR;
				CLANG_WARN_DOCUMENTATION_COMMENTS = YES;
				CLANG_WARN_EMPTY_BODY = YES;
				CLANG_WARN_ENUM_CONVERSION = YES;
				CLANG_WARN_INFINITE_RECURSION = YES;
				CLANG_WARN_INT_CONVERSION = YES;
				CLANG_WARN_OBJC_ROOT_CLASS = YES_ERROR;
				CLANG_WARN_SUSPICIOUS_MOVE = YES;
				CLANG_WARN_UNREACHABLE_CODE = YES;
				CLANG_WARN__DUPLICATE_METHOD_MATCH = YES;
				"CODE_SIGN_IDENTITY[sdk=iphoneos*]" = "iPhone Developer";
				COPY_PHASE_STRIP = NO;
				DEBUG_INFORMATION_FORMAT = dwarf;
				ENABLE_STRICT_OBJC_MSGSEND = YES;
				ENABLE_TESTABILITY = YES;
				GCC_C_LANGUAGE_STANDARD = gnu99;
				GCC_DYNAMIC_NO_PIC = NO;
				GCC_NO_COMMON_BLOCKS = YES;
				GCC_OPTIMIZATION_LEVEL = 0;
				GCC_PREPROCESSOR_DEFINITIONS = (
					"DEBUG=1",
					"$(inherited)",
				);
				GCC_WARN_64_TO_32_BIT_CONVERSION = YES;
				GCC_WARN_ABOUT_RETURN_TYPE = YES_ERROR;
				GCC_WARN_UNDECLARED_SELECTOR = YES;
				GCC_WARN_UNINITIALIZED_AUTOS = YES_AGGRESSIVE;
				GCC_WARN_UNUSED_FUNCTION = YES;
				GCC_WARN_UNUSED_VARIABLE = YES;
				IPHONEOS_DEPLOYMENT_TARGET = 10.3;
				MTL_ENABLE_DEBUG_INFO = YES;
				ONLY_ACTIVE_ARCH = YES;
				SDKROOT = iphoneos;
				TARGETED_DEVICE_FAMILY = "1,2";
			};
			name = Debug;
		};
		7437D7C222411C79003B5BAD /* Release */ = {
			isa = XCBuildConfiguration;
			buildSettings = {
				ALWAYS_SEARCH_USER_PATHS = NO;
				CLANG_ANALYZER_NONNULL = YES;
				CLANG_ANALYZER_NUMBER_OBJECT_CONVERSION = YES_AGGRESSIVE;
				CLANG_CXX_LANGUAGE_STANDARD = "gnu++0x";
				CLANG_CXX_LIBRARY = "libc++";
				CLANG_ENABLE_MODULES = YES;
				CLANG_ENABLE_OBJC_ARC = YES;
				CLANG_WARN_BOOL_CONVERSION = YES;
				CLANG_WARN_CONSTANT_CONVERSION = YES;
				CLANG_WARN_DIRECT_OBJC_ISA_USAGE = YES_ERROR;
				CLANG_WARN_DOCUMENTATION_COMMENTS = YES;
				CLANG_WARN_EMPTY_BODY = YES;
				CLANG_WARN_ENUM_CONVERSION = YES;
				CLANG_WARN_INFINITE_RECURSION = YES;
				CLANG_WARN_INT_CONVERSION = YES;
				CLANG_WARN_OBJC_ROOT_CLASS = YES_ERROR;
				CLANG_WARN_SUSPICIOUS_MOVE = YES;
				CLANG_WARN_UNREACHABLE_CODE = YES;
				CLANG_WARN__DUPLICATE_METHOD_MATCH = YES;
				"CODE_SIGN_IDENTITY[sdk=iphoneos*]" = "iPhone Developer";
				COPY_PHASE_STRIP = NO;
				DEBUG_INFORMATION_FORMAT = "dwarf-with-dsym";
				ENABLE_NS_ASSERTIONS = NO;
				ENABLE_STRICT_OBJC_MSGSEND = YES;
				GCC_C_LANGUAGE_STANDARD = gnu99;
				GCC_NO_COMMON_BLOCKS = YES;
				GCC_WARN_64_TO_32_BIT_CONVERSION = YES;
				GCC_WARN_ABOUT_RETURN_TYPE = YES_ERROR;
				GCC_WARN_UNDECLARED_SELECTOR = YES;
				GCC_WARN_UNINITIALIZED_AUTOS = YES_AGGRESSIVE;
				GCC_WARN_UNUSED_FUNCTION = YES;
				GCC_WARN_UNUSED_VARIABLE = YES;
				IPHONEOS_DEPLOYMENT_TARGET = 10.3;
				MTL_ENABLE_DEBUG_INFO = NO;
				SDKROOT = iphoneos;
				TARGETED_DEVICE_FAMILY = "1,2";
				VALIDATE_PRODUCT = YES;
			};
			name = Release;
		};
		7437D7C422411C79003B5BAD /* Debug */ = {
			isa = XCBuildConfiguration;
			buildSettings = {
				ASSETCATALOG_COMPILER_APPICON_NAME = AppIcon;
				INFOPLIST_FILE = CESHI123/Info.plist;
				LD_RUNPATH_SEARCH_PATHS = "$(inherited) @executable_path/Frameworks";
				PRODUCT_BUNDLE_IDENTIFIER = com.jztw.yaodian.CESHI123;
				PRODUCT_NAME = "$(TARGET_NAME)";
			};
			name = Debug;
		};
		7437D7C522411C79003B5BAD /* Release */ = {
			isa = XCBuildConfiguration;
			buildSettings = {
				ASSETCATALOG_COMPILER_APPICON_NAME = AppIcon;
				INFOPLIST_FILE = CESHI123/Info.plist;
				LD_RUNPATH_SEARCH_PATHS = "$(inherited) @executable_path/Frameworks";
				PRODUCT_BUNDLE_IDENTIFIER = com.jztw.yaodian.CESHI123;
				PRODUCT_NAME = "$(TARGET_NAME)";
			};
			name = Release;
		};
/* End XCBuildConfiguration section */

/* Begin XCConfigurationList section */
		7437D7A722411C79003B5BAD /* Build configuration list for PBXProject "CESHI123" */ = {
			isa = XCConfigurationList;
			buildConfigurations = (
				7437D7C122411C79003B5BAD /* Debug */,
				7437D7C222411C79003B5BAD /* Release */,
			);
			defaultConfigurationIsVisible = 0;
			defaultConfigurationName = Release;
		};
		7437D7C322411C79003B5BAD /* Build configuration list for PBXNativeTarget "CESHI123" */ = {
			isa = XCConfigurationList;
			buildConfigurations = (
				7437D7C422411C79003B5BAD /* Debug */,
				7437D7C522411C79003B5BAD /* Release */,
			);
			defaultConfigurationIsVisible = 0;
		};
/* End XCConfigurationList section */
	};
	rootObject = 7437D7A422411C79003B5BAD /* Project object */;
}
